
Microsoft Visual Studio Solution File, Format Version 12.00
# Visual Studio Version 16
VisualStudioVersion = 16.0.30503.244
MinimumVisualStudioVersion = 10.0.40219.1
Project("{FAE04EC0-301F-11D3-BF4B-00C04F79EFBC}") = "RecipeWeb", "RecipeWeb.csproj", "{D36A0B6C-B6E5-49A5-B6CE-0B3F93BC78D8}"
EndProject
Global
	GlobalSection(SolutionConfigurationPlatforms) = preSolution
		Debug|Any CPU = Debug|Any CPU
		Release|Any CPU = Release|Any CPU
	EndGlobalSection
	GlobalSection(ProjectConfigurationPlatforms) = postSolution
		{D36A0B6C-B6E5-49A5-B6CE-0B3F93BC78D8}.Debug|Any CPU.ActiveCfg = Debug|Any CPU
		{D36A0B6C-B6E5-49A5-B6CE-0B3F93BC78D8}.Debug|Any CPU.Build.0 = Debug|Any CPU
		{D36A0B6C-B6E5-49A5-B6CE-0B3F93BC78D8}.Release|Any CPU.ActiveCfg = Release|Any CPU
		{D36A0B6C-B6E5-49A5-B6CE-0B3F93BC78D8}.Release|Any CPU.Build.0 = Release|Any CPU
	EndGlobalSection
	GlobalSection(SolutionProperties) = preSolution
		HideSolutionNode = FALSE
	EndGlobalSection
	GlobalSection(ExtensibilityGlobals) = postSolution
		SolutionGuid = {52574F22-BD26-4254-A24C-4E7E7F9C7CA8}
	EndGlobalSection
EndGlobal
